
Microsoft Visual Studio Solution File, Format Version 12.00
# Visual Studio 15
VisualStudioVersion = 15.0.27703.2042
MinimumVisualStudioVersion = 10.0.40219.1
Project("{FAE04EC0-301F-11D3-BF4B-00C04F79EFBC}") = "EpamTask1", "EpamTask1\EpamTask1.csproj", "{1CBB6942-0B2F-4DE4-8525-3517BA719F06}"
EndProject
Project("{FAE04EC0-301F-11D3-BF4B-00C04F79EFBC}") = "TestsEpamTask1", "TestsEpamTask1\TestsEpamTask1.csproj", "{2B5C5060-80A9-4F86-9782-084D1FB106F4}"
EndProject
Global
	GlobalSection(SolutionConfigurationPlatforms) = preSolution
		Debug|Any CPU = Debug|Any CPU
		Release|Any CPU = Release|Any CPU
	EndGlobalSection
	GlobalSection(ProjectConfigurationPlatforms) = postSolution
		{1CBB6942-0B2F-4DE4-8525-3517BA719F06}.Debug|Any CPU.ActiveCfg = Debug|Any CPU
		{1CBB6942-0B2F-4DE4-8525-3517BA719F06}.Debug|Any CPU.Build.0 = Debug|Any CPU
		{1CBB6942-0B2F-4DE4-8525-3517BA719F06}.Release|Any CPU.ActiveCfg = Release|Any CPU
		{1CBB6942-0B2F-4DE4-8525-3517BA719F06}.Release|Any CPU.Build.0 = Release|Any CPU
		{2B5C5060-80A9-4F86-9782-084D1FB106F4}.Debug|Any CPU.ActiveCfg = Debug|Any CPU
		{2B5C5060-80A9-4F86-9782-084D1FB106F4}.Debug|Any CPU.Build.0 = Debug|Any CPU
		{2B5C5060-80A9-4F86-9782-084D1FB106F4}.Release|Any CPU.ActiveCfg = Release|Any CPU
		{2B5C5060-80A9-4F86-9782-084D1FB106F4}.Release|Any CPU.Build.0 = Release|Any CPU
	EndGlobalSection
	GlobalSection(SolutionProperties) = preSolution
		HideSolutionNode = FALSE
	EndGlobalSection
	GlobalSection(ExtensibilityGlobals) = postSolution
		SolutionGuid = {D69C9A78-E848-438F-8A27-40951D032554}
	EndGlobalSection
EndGlobal
